{
  "requires": true,
  "lockfileVersion": 1,
  "dependencies": {
    "asyncjs": {
      "version": "0.0.12",
      "resolved": "https://registry.npmjs.org/asyncjs/-/asyncjs-0.0.12.tgz",
      "integrity": "sha512-FElqwANhaaRJWi1xH8NtjnzRbO7QaaDDYioVgxiNUtzKsVi7IP0q2FkSOWBEJD6MVOEFPm4L0os2HiPaVxsEGQ=="
    },
    "bitbucket": {
      "version": "0.0.2",
      "resolved": "https://registry.npmjs.org/bitbucket/-/bitbucket-0.0.2.tgz",
      "integrity": "sha1-YkQkt1pjV27NgRN4zlT9BuNnuXw=",
      "requires": {
        "asyncjs": "0.0.12",
        "oauth": "0.9.15"
      }
    },
    "oauth": {
      "version": "0.9.15",
      "resolved": "https://registry.npmjs.org/oauth/-/oauth-0.9.15.tgz",
      "integrity": "sha1-vR/vr2hslrdUda7VGWQS/2DPucE="
    }
  }
}